
Microsoft Visual Studio Solution File, Format Version 12.00
# Visual Studio Version 17
VisualStudioVersion = 17.2.32630.192
MinimumVisualStudioVersion = 10.0.40219.1
Project("{FAE04EC0-301F-11D3-BF4B-00C04F79EFBC}") = "EmployeWageComp", "EmployeWageComp\EmployeWageComp.csproj", "{BCE9D6A8-1826-409E-BF05-6786C5D7B186}"
EndProject
Global
	GlobalSection(SolutionConfigurationPlatforms) = preSolution
		Debug|Any CPU = Debug|Any CPU
		Release|Any CPU = Release|Any CPU
	EndGlobalSection
	GlobalSection(ProjectConfigurationPlatforms) = postSolution
		{BCE9D6A8-1826-409E-BF05-6786C5D7B186}.Debug|Any CPU.ActiveCfg = Debug|Any CPU
		{BCE9D6A8-1826-409E-BF05-6786C5D7B186}.Debug|Any CPU.Build.0 = Debug|Any CPU
		{BCE9D6A8-1826-409E-BF05-6786C5D7B186}.Release|Any CPU.ActiveCfg = Release|Any CPU
		{BCE9D6A8-1826-409E-BF05-6786C5D7B186}.Release|Any CPU.Build.0 = Release|Any CPU
	EndGlobalSection
	GlobalSection(SolutionProperties) = preSolution
		HideSolutionNode = FALSE
	EndGlobalSection
	GlobalSection(ExtensibilityGlobals) = postSolution
		SolutionGuid = {2DB9D959-6052-4318-881C-21E6BC866EF1}
	EndGlobalSection
EndGlobal
