
Microsoft Visual Studio Solution File, Format Version 12.00
# Visual Studio Version 17
VisualStudioVersion = 17.2.32630.192
MinimumVisualStudioVersion = 10.0.40219.1
Project("{FAE04EC0-301F-11D3-BF4B-00C04F79EFBC}") = "Delegate", "Delegate\Delegate.csproj", "{4C382978-38F2-4671-B8A4-64E7ED4BEB5F}"
EndProject
Global
	GlobalSection(SolutionConfigurationPlatforms) = preSolution
		Debug|Any CPU = Debug|Any CPU
		Release|Any CPU = Release|Any CPU
	EndGlobalSection
	GlobalSection(ProjectConfigurationPlatforms) = postSolution
		{4C382978-38F2-4671-B8A4-64E7ED4BEB5F}.Debug|Any CPU.ActiveCfg = Debug|Any CPU
		{4C382978-38F2-4671-B8A4-64E7ED4BEB5F}.Debug|Any CPU.Build.0 = Debug|Any CPU
		{4C382978-38F2-4671-B8A4-64E7ED4BEB5F}.Release|Any CPU.ActiveCfg = Release|Any CPU
		{4C382978-38F2-4671-B8A4-64E7ED4BEB5F}.Release|Any CPU.Build.0 = Release|Any CPU
	EndGlobalSection
	GlobalSection(SolutionProperties) = preSolution
		HideSolutionNode = FALSE
	EndGlobalSection
	GlobalSection(ExtensibilityGlobals) = postSolution
		SolutionGuid = {41F01B74-16B8-46E0-AC19-45DEFE41B883}
	EndGlobalSection
EndGlobal
